dependencies:
  espressif/usb:
    component_hash: 6c2cff118141dbbca181d0d27d71801fdddfc78f7ac03ae43f6e5a8cbd89cb99
    dependencies:
    - name: idf
      require: private
      version: '>=5.5.3'
    source:
      registry_url: https://components.espressif.com/
      type: service
    targets:
    - esp32s2
    - esp32s3
    - esp32s31
    - esp32p4
    - esp32h4
    - linux
    version: 1.5.0
  idf:
    source:
      type: idf
    version: 6.0.2
direct_dependencies:
- espressif/usb
- idf
manifest_hash: 7efac3218507a137a51962202b4b3b551b646a27894a2b96e3f0982be9975f94
target: esp32s3
version: 2.0.0
